// !$*UTF8*$!
{
	archiveVersion = 1;
	classes = {
	};
	objectVersion = 50;
	objects = {

/* Begin PBXBuildFile section */
		F6475360257A32BD004AEEEA /*  相同的树.swift in Sources */ = {isa = PBXBuildFile; fileRef = F647535F257A32BD004AEEEA /*  相同的树.swift */; };
		F647536F257E1D4E004AEEEA /* 二叉树的最小深度.swift in Sources */ = {isa = PBXBuildFile; fileRef = F647536E257E1D4E004AEEEA /* 二叉树的最小深度.swift */; };
		F64753C1257F9F02004AEEEA /* 翻转二叉树.swift in Sources */ = {isa = PBXBuildFile; fileRef = F64753C0257F9F02004AEEEA /* 翻转二叉树.swift */; };
		F669A9672574DF2C00429AC2 /* 剑指 Offer 27_二叉树的镜像.swift in Sources */ = {isa = PBXBuildFile; fileRef = F669A9662574DF2C00429AC2 /* 剑指 Offer 27_二叉树的镜像.swift */; };
		F669A96A2574ECBD00429AC2 /* 剑指 Offer 55 - I. 二叉树的深度.swift in Sources */ = {isa = PBXBuildFile; fileRef = F669A9692574ECBD00429AC2 /* 剑指 Offer 55 - I. 二叉树的深度.swift */; };
		F695DA462571F481004ECB52 /* main.swift in Sources */ = {isa = PBXBuildFile; fileRef = F695DA452571F481004ECB52 /* main.swift */; };
		F6C0F740258F1A4700B4C3AA /* 冒泡.swift in Sources */ = {isa = PBXBuildFile; fileRef = F6C0F73F258F1A4700B4C3AA /* 冒泡.swift */; };
		F6C0F74A258F3A6B00B4C3AA /* 选择.swift in Sources */ = {isa = PBXBuildFile; fileRef = F6C0F749258F3A6B00B4C3AA /* 选择.swift */; };
		F6C0F74D258F3BB000B4C3AA /* 堆排序.swift in Sources */ = {isa = PBXBuildFile; fileRef = F6C0F74C258F3BB000B4C3AA /* 堆排序.swift */; };
		F6C0F750258F618700B4C3AA /* 插入.swift in Sources */ = {isa = PBXBuildFile; fileRef = F6C0F74F258F618700B4C3AA /* 插入.swift */; };
		F6C0F755258F6B5100B4C3AA /* 二分查找.swift in Sources */ = {isa = PBXBuildFile; fileRef = F6C0F754258F6B5100B4C3AA /* 二分查找.swift */; };
		F6C0F759258F6F3400B4C3AA /* 合并两个有序数组.swift in Sources */ = {isa = PBXBuildFile; fileRef = F6C0F758258F6F3400B4C3AA /* 合并两个有序数组.swift */; };
		F6C0F75E258F752900B4C3AA /* 合并两个有序链表.swift in Sources */ = {isa = PBXBuildFile; fileRef = F6C0F75D258F752900B4C3AA /* 合并两个有序链表.swift */; };
/* End PBXBuildFile section */

/* Begin PBXCopyFilesBuildPhase section */
		F695DA402571F481004ECB52 /* CopyFiles */ = {
			isa = PBXCopyFilesBuildPhase;
			buildActionMask = 2147483647;
			dstPath = /usr/share/man/man1/;
			dstSubfolderSpec = 0;
			files = (
			);
			runOnlyForDeploymentPostprocessing = 1;
		};
/* End PBXCopyFilesBuildPhase section */

/* Begin PBXFileReference section */
		F647535F257A32BD004AEEEA /*  相同的树.swift */ = {isa = PBXFileReference; lastKnownFileType = sourcecode.swift; path = " 相同的树.swift"; sourceTree = "<group>"; };
		F647536E257E1D4E004AEEEA /* 二叉树的最小深度.swift */ = {isa = PBXFileReference; lastKnownFileType = sourcecode.swift; path = "二叉树的最小深度.swift"; sourceTree = "<group>"; };
		F64753C0257F9F02004AEEEA /* 翻转二叉树.swift */ = {isa = PBXFileReference; lastKnownFileType = sourcecode.swift; path = "翻转二叉树.swift"; sourceTree = "<group>"; };
		F669A9662574DF2C00429AC2 /* 剑指 Offer 27_二叉树的镜像.swift */ = {isa = PBXFileReference; lastKnownFileType = sourcecode.swift; path = "剑指 Offer 27_二叉树的镜像.swift"; sourceTree = "<group>"; };
		F669A9692574ECBD00429AC2 /* 剑指 Offer 55 - I. 二叉树的深度.swift */ = {isa = PBXFileReference; lastKnownFileType = sourcecode.swift; path = "剑指 Offer 55 - I. 二叉树的深度.swift"; sourceTree = "<group>"; };
		F695DA422571F481004ECB52 /* SwiftLeetCode */ = {isa = PBXFileReference; explicitFileType = "compiled.mach-o.executable"; includeInIndex = 0; path = SwiftLeetCode; sourceTree = BUILT_PRODUCTS_DIR; };
		F695DA452571F481004ECB52 /* main.swift */ = {isa = PBXFileReference; lastKnownFileType = sourcecode.swift; path = main.swift; sourceTree = "<group>"; };
		F6C0F73F258F1A4700B4C3AA /* 冒泡.swift */ = {isa = PBXFileReference; lastKnownFileType = sourcecode.swift; path = "冒泡.swift"; sourceTree = "<group>"; };
		F6C0F749258F3A6B00B4C3AA /* 选择.swift */ = {isa = PBXFileReference; lastKnownFileType = sourcecode.swift; path = "选择.swift"; sourceTree = "<group>"; };
		F6C0F74C258F3BB000B4C3AA /* 堆排序.swift */ = {isa = PBXFileReference; lastKnownFileType = sourcecode.swift; path = "堆排序.swift"; sourceTree = "<group>"; };
		F6C0F74F258F618700B4C3AA /* 插入.swift */ = {isa = PBXFileReference; lastKnownFileType = sourcecode.swift; path = "插入.swift"; sourceTree = "<group>"; };
		F6C0F754258F6B5100B4C3AA /* 二分查找.swift */ = {isa = PBXFileReference; lastKnownFileType = sourcecode.swift; path = "二分查找.swift"; sourceTree = "<group>"; };
		F6C0F758258F6F3400B4C3AA /* 合并两个有序数组.swift */ = {isa = PBXFileReference; lastKnownFileType = sourcecode.swift; path = "合并两个有序数组.swift"; sourceTree = "<group>"; };
		F6C0F75D258F752900B4C3AA /* 合并两个有序链表.swift */ = {isa = PBXFileReference; lastKnownFileType = sourcecode.swift; path = "合并两个有序链表.swift"; sourceTree = "<group>"; };
/* End PBXFileReference section */

/* Begin PBXFrameworksBuildPhase section */
		F695DA3F2571F481004ECB52 /* Frameworks */ = {
			isa = PBXFrameworksBuildPhase;
			buildActionMask = 2147483647;
			files = (
			);
			runOnlyForDeploymentPostprocessing = 0;
		};
/* End PBXFrameworksBuildPhase section */

/* Begin PBXGroup section */
		F695DA392571F481004ECB52 = {
			isa = PBXGroup;
			children = (
				F695DA442571F481004ECB52 /* SwiftLeetCode */,
				F695DA432571F481004ECB52 /* Products */,
			);
			sourceTree = "<group>";
		};
		F695DA432571F481004ECB52 /* Products */ = {
			isa = PBXGroup;
			children = (
				F695DA422571F481004ECB52 /* SwiftLeetCode */,
			);
			name = Products;
			sourceTree = "<group>";
		};
		F695DA442571F481004ECB52 /* SwiftLeetCode */ = {
			isa = PBXGroup;
			children = (
				F695DA452571F481004ECB52 /* main.swift */,
				F6C0F752258F620100B4C3AA /* 树 */,
				F6C0F73E258F1A3100B4C3AA /* 排序 */,
				F6C0F757258F6F1A00B4C3AA /* 数组 */,
				F6C0F75C258F751400B4C3AA /* 链表 */,
			);
			path = SwiftLeetCode;
			sourceTree = "<group>";
		};
		F6C0F73E258F1A3100B4C3AA /* 排序 */ = {
			isa = PBXGroup;
			children = (
				F6C0F73F258F1A4700B4C3AA /* 冒泡.swift */,
				F6C0F749258F3A6B00B4C3AA /* 选择.swift */,
				F6C0F74C258F3BB000B4C3AA /* 堆排序.swift */,
				F6C0F74F258F618700B4C3AA /* 插入.swift */,
				F6C0F754258F6B5100B4C3AA /* 二分查找.swift */,
			);
			path = "排序";
			sourceTree = "<group>";
		};
		F6C0F752258F620100B4C3AA /* 树 */ = {
			isa = PBXGroup;
			children = (
				F669A9662574DF2C00429AC2 /* 剑指 Offer 27_二叉树的镜像.swift */,
				F669A9692574ECBD00429AC2 /* 剑指 Offer 55 - I. 二叉树的深度.swift */,
				F647535F257A32BD004AEEEA /*  相同的树.swift */,
				F647536E257E1D4E004AEEEA /* 二叉树的最小深度.swift */,
				F64753C0257F9F02004AEEEA /* 翻转二叉树.swift */,
			);
			path = "树";
			sourceTree = "<group>";
		};
		F6C0F757258F6F1A00B4C3AA /* 数组 */ = {
			isa = PBXGroup;
			children = (
				F6C0F758258F6F3400B4C3AA /* 合并两个有序数组.swift */,
			);
			path = "数组";
			sourceTree = "<group>";
		};
		F6C0F75C258F751400B4C3AA /* 链表 */ = {
			isa = PBXGroup;
			children = (
				F6C0F75D258F752900B4C3AA /* 合并两个有序链表.swift */,
			);
			path = "链表";
			sourceTree = "<group>";
		};
/* End PBXGroup section */

/* Begin PBXNativeTarget section */
		F695DA412571F481004ECB52 /* SwiftLeetCode */ = {
			isa = PBXNativeTarget;
			buildConfigurationList = F695DA492571F481004ECB52 /* Build configuration list for PBXNativeTarget "SwiftLeetCode" */;
			buildPhases = (
				F695DA3E2571F481004ECB52 /* Sources */,
				F695DA3F2571F481004ECB52 /* Frameworks */,
				F695DA402571F481004ECB52 /* CopyFiles */,
			);
			buildRules = (
			);
			dependencies = (
			);
			name = SwiftLeetCode;
			productName = SwiftLeetCode;
			productReference = F695DA422571F481004ECB52 /* SwiftLeetCode */;
			productType = "com.apple.product-type.tool";
		};
/* End PBXNativeTarget section */

/* Begin PBXProject section */
		F695DA3A2571F481004ECB52 /* Project object */ = {
			isa = PBXProject;
			attributes = {
				LastSwiftUpdateCheck = 1220;
				LastUpgradeCheck = 1220;
				TargetAttributes = {
					F695DA412571F481004ECB52 = {
						CreatedOnToolsVersion = 12.2;
					};
				};
			};
			buildConfigurationList = F695DA3D2571F481004ECB52 /* Build configuration list for PBXProject "SwiftLeetCode" */;
			compatibilityVersion = "Xcode 9.3";
			developmentRegion = en;
			hasScannedForEncodings = 0;
			knownRegions = (
				en,
				Base,
			);
			mainGroup = F695DA392571F481004ECB52;
			productRefGroup = F695DA432571F481004ECB52 /* Products */;
			projectDirPath = "";
			projectRoot = "";
			targets = (
				F695DA412571F481004ECB52 /* SwiftLeetCode */,
			);
		};
/* End PBXProject section */

/* Begin PBXSourcesBuildPhase section */
		F695DA3E2571F481004ECB52 /* Sources */ = {
			isa = PBXSourcesBuildPhase;
			buildActionMask = 2147483647;
			files = (
				F6C0F755258F6B5100B4C3AA /* 二分查找.swift in Sources */,
				F669A9672574DF2C00429AC2 /* 剑指 Offer 27_二叉树的镜像.swift in Sources */,
				F695DA462571F481004ECB52 /* main.swift in Sources */,
				F6C0F75E258F752900B4C3AA /* 合并两个有序链表.swift in Sources */,
				F6C0F750258F618700B4C3AA /* 插入.swift in Sources */,
				F6C0F740258F1A4700B4C3AA /* 冒泡.swift in Sources */,
				F6C0F74D258F3BB000B4C3AA /* 堆排序.swift in Sources */,
				F6C0F759258F6F3400B4C3AA /* 合并两个有序数组.swift in Sources */,
				F669A96A2574ECBD00429AC2 /* 剑指 Offer 55 - I. 二叉树的深度.swift in Sources */,
				F6475360257A32BD004AEEEA /*  相同的树.swift in Sources */,
				F6C0F74A258F3A6B00B4C3AA /* 选择.swift in Sources */,
				F647536F257E1D4E004AEEEA /* 二叉树的最小深度.swift in Sources */,
				F64753C1257F9F02004AEEEA /* 翻转二叉树.swift in Sources */,
			);
			runOnlyForDeploymentPostprocessing = 0;
		};
/* End PBXSourcesBuildPhase section */

/* Begin XCBuildConfiguration section */
		F695DA472571F481004ECB52 /* Debug */ = {
			isa = XCBuildConfiguration;
			buildSettings = {
				ALWAYS_SEARCH_USER_PATHS = NO;
				CLANG_ANALYZER_NONNULL = YES;
				CLANG_ANALYZER_NUMBER_OBJECT_CONVERSION = YES_AGGRESSIVE;
				CLANG_CXX_LANGUAGE_STANDARD = "gnu++14";
				CLANG_CXX_LIBRARY = "libc++";
				CLANG_ENABLE_MODULES = YES;
				CLANG_ENABLE_OBJC_ARC = YES;
				CLANG_ENABLE_OBJC_WEAK = YES;
				CLANG_WARN_BLOCK_CAPTURE_AUTORELEASING = YES;
				CLANG_WARN_BOOL_CONVERSION = YES;
				CLANG_WARN_COMMA = YES;
				CLANG_WARN_CONSTANT_CONVERSION = YES;
				CLANG_WARN_DEPRECATED_OBJC_IMPLEMENTATIONS = YES;
				CLANG_WARN_DIRECT_OBJC_ISA_USAGE = YES_ERROR;
				CLANG_WARN_DOCUMENTATION_COMMENTS = YES;
				CLANG_WARN_EMPTY_BODY = YES;
				CLANG_WARN_ENUM_CONVERSION = YES;
				CLANG_WARN_INFINITE_RECURSION = YES;
				CLANG_WARN_INT_CONVERSION = YES;
				CLANG_WARN_NON_LITERAL_NULL_CONVERSION = YES;
				CLANG_WARN_OBJC_IMPLICIT_RETAIN_SELF = YES;
				CLANG_WARN_OBJC_LITERAL_CONVERSION = YES;
				CLANG_WARN_OBJC_ROOT_CLASS = YES_ERROR;
				CLANG_WARN_QUOTED_INCLUDE_IN_FRAMEWORK_HEADER = YES;
				CLANG_WARN_RANGE_LOOP_ANALYSIS = YES;
				CLANG_WARN_STRICT_PROTOTYPES = YES;
				CLANG_WARN_SUSPICIOUS_MOVE = YES;
				CLANG_WARN_UNGUARDED_AVAILABILITY = YES_AGGRESSIVE;
				CLANG_WARN_UNREACHABLE_CODE = YES;
				CLANG_WARN__DUPLICATE_METHOD_MATCH = YES;
				COPY_PHASE_STRIP = NO;
				DEBUG_INFORMATION_FORMAT = dwarf;
				ENABLE_STRICT_OBJC_MSGSEND = YES;
				ENABLE_TESTABILITY = YES;
				GCC_C_LANGUAGE_STANDARD = gnu11;
				GCC_DYNAMIC_NO_PIC = NO;
				GCC_NO_COMMON_BLOCKS = YES;
				GCC_OPTIMIZATION_LEVEL = 0;
				GCC_PREPROCESSOR_DEFINITIONS = (
					"DEBUG=1",
					"$(inherited)",
				);
				GCC_WARN_64_TO_32_BIT_CONVERSION = YES;
				GCC_WARN_ABOUT_RETURN_TYPE = YES_ERROR;
				GCC_WARN_UNDECLARED_SELECTOR = YES;
				GCC_WARN_UNINITIALIZED_AUTOS = YES_AGGRESSIVE;
				GCC_WARN_UNUSED_FUNCTION = YES;
				GCC_WARN_UNUSED_VARIABLE = YES;
				MACOSX_DEPLOYMENT_TARGET = 11.0;
				MTL_ENABLE_DEBUG_INFO = INCLUDE_SOURCE;
				MTL_FAST_MATH = YES;
				ONLY_ACTIVE_ARCH = YES;
				SDKROOT = macosx;
				SWIFT_ACTIVE_COMPILATION_CONDITIONS = DEBUG;
				SWIFT_OPTIMIZATION_LEVEL = "-Onone";
			};
			name = Debug;
		};
		F695DA482571F481004ECB52 /* Release */ = {
			isa = XCBuildConfiguration;
			buildSettings = {
				ALWAYS_SEARCH_USER_PATHS = NO;
				CLANG_ANALYZER_NONNULL = YES;
				CLANG_ANALYZER_NUMBER_OBJECT_CONVERSION = YES_AGGRESSIVE;
				CLANG_CXX_LANGUAGE_STANDARD = "gnu++14";
				CLANG_CXX_LIBRARY = "libc++";
				CLANG_ENABLE_MODULES = YES;
				CLANG_ENABLE_OBJC_ARC = YES;
				CLANG_ENABLE_OBJC_WEAK = YES;
				CLANG_WARN_BLOCK_CAPTURE_AUTORELEASING = YES;
				CLANG_WARN_BOOL_CONVERSION = YES;
				CLANG_WARN_COMMA = YES;
				CLANG_WARN_CONSTANT_CONVERSION = YES;
				CLANG_WARN_DEPRECATED_OBJC_IMPLEMENTATIONS = YES;
				CLANG_WARN_DIRECT_OBJC_ISA_USAGE = YES_ERROR;
				CLANG_WARN_DOCUMENTATION_COMMENTS = YES;
				CLANG_WARN_EMPTY_BODY = YES;
				CLANG_WARN_ENUM_CONVERSION = YES;
				CLANG_WARN_INFINITE_RECURSION = YES;
				CLANG_WARN_INT_CONVERSION = YES;
				CLANG_WARN_NON_LITERAL_NULL_CONVERSION = YES;
				CLANG_WARN_OBJC_IMPLICIT_RETAIN_SELF = YES;
				CLANG_WARN_OBJC_LITERAL_CONVERSION = YES;
				CLANG_WARN_OBJC_ROOT_CLASS = YES_ERROR;
				CLANG_WARN_QUOTED_INCLUDE_IN_FRAMEWORK_HEADER = YES;
				CLANG_WARN_RANGE_LOOP_ANALYSIS = YES;
				CLANG_WARN_STRICT_PROTOTYPES = YES;
				CLANG_WARN_SUSPICIOUS_MOVE = YES;
				CLANG_WARN_UNGUARDED_AVAILABILITY = YES_AGGRESSIVE;
				CLANG_WARN_UNREACHABLE_CODE = YES;
				CLANG_WARN__DUPLICATE_METHOD_MATCH = YES;
				COPY_PHASE_STRIP = NO;
				DEBUG_INFORMATION_FORMAT = "dwarf-with-dsym";
				ENABLE_NS_ASSERTIONS = NO;
				ENABLE_STRICT_OBJC_MSGSEND = YES;
				GCC_C_LANGUAGE_STANDARD = gnu11;
				GCC_NO_COMMON_BLOCKS = YES;
				GCC_WARN_64_TO_32_BIT_CONVERSION = YES;
				GCC_WARN_ABOUT_RETURN_TYPE = YES_ERROR;
				GCC_WARN_UNDECLARED_SELECTOR = YES;
				GCC_WARN_UNINITIALIZED_AUTOS = YES_AGGRESSIVE;
				GCC_WARN_UNUSED_FUNCTION = YES;
				GCC_WARN_UNUSED_VARIABLE = YES;
				MACOSX_DEPLOYMENT_TARGET = 11.0;
				MTL_ENABLE_DEBUG_INFO = NO;
				MTL_FAST_MATH = YES;
				SDKROOT = macosx;
				SWIFT_COMPILATION_MODE = wholemodule;
				SWIFT_OPTIMIZATION_LEVEL = "-O";
			};
			name = Release;
		};
		F695DA4A2571F481004ECB52 /* Debug */ = {
			isa = XCBuildConfiguration;
			buildSettings = {
				CODE_SIGN_IDENTITY = "Apple Development";
				CODE_SIGN_STYLE = Automatic;
				DEVELOPMENT_TEAM = KAM263Q529;
				ENABLE_HARDENED_RUNTIME = YES;
				MACOSX_DEPLOYMENT_TARGET = 10.10;
				PRODUCT_NAME = "$(TARGET_NAME)";
				SWIFT_VERSION = 5.0;
			};
			name = Debug;
		};
		F695DA4B2571F481004ECB52 /* Release */ = {
			isa = XCBuildConfiguration;
			buildSettings = {
				CODE_SIGN_IDENTITY = "Apple Development";
				CODE_SIGN_STYLE = Automatic;
				DEVELOPMENT_TEAM = KAM263Q529;
				ENABLE_HARDENED_RUNTIME = YES;
				MACOSX_DEPLOYMENT_TARGET = 10.10;
				PRODUCT_NAME = "$(TARGET_NAME)";
				SWIFT_VERSION = 5.0;
			};
			name = Release;
		};
/* End XCBuildConfiguration section */

/* Begin XCConfigurationList section */
		F695DA3D2571F481004ECB52 /* Build configuration list for PBXProject "SwiftLeetCode" */ = {
			isa = XCConfigurationList;
			buildConfigurations = (
				F695DA472571F481004ECB52 /* Debug */,
				F695DA482571F481004ECB52 /* Release */,
			);
			defaultConfigurationIsVisible = 0;
			defaultConfigurationName = Release;
		};
		F695DA492571F481004ECB52 /* Build configuration list for PBXNativeTarget "SwiftLeetCode" */ = {
			isa = XCConfigurationList;
			buildConfigurations = (
				F695DA4A2571F481004ECB52 /* Debug */,
				F695DA4B2571F481004ECB52 /* Release */,
			);
			defaultConfigurationIsVisible = 0;
			defaultConfigurationName = Release;
		};
/* End XCConfigurationList section */
	};
	rootObject = F695DA3A2571F481004ECB52 /* Project object */;
}
